# This file is automatically @generated by Poetry 2.1.3 and should not be changed by hand.

[[package]]
name = "jax"
version = "0.6.2"
description = "Differentiate, compile, and transform Numpy code."
optional = false
python-versions = ">=3.10"
groups = ["main"]
files = [
    {file = "jax-0.6.2-py3-none-any.whl", hash = "sha256:bb24a82dc60ccf704dcaf6dbd07d04957f68a6c686db19630dd75260d1fb788c"},
    {file = "jax-0.6.2.tar.gz", hash = "sha256:a437d29038cbc8300334119692744704ca7941490867b9665406b7f90665cd96"},
]

[package.dependencies]
jaxlib = "0.6.2"
ml_dtypes = ">=0.5.0"
numpy = ">=1.26"
opt_einsum = "*"
scipy = ">=1.12"

[package.extras]
ci = ["jaxlib (==0.6.1)"]
cuda = ["jax-cuda12-plugin[with-cuda] (==0.6.2)", "jaxlib (==0.6.2)"]
cuda12 = ["jax-cuda12-plugin[with-cuda] (==0.6.2)", "jaxlib (==0.6.2)"]
cuda12-local = ["jax-cuda12-plugin (==0.6.2)", "jaxlib (==0.6.2)"]
k8s = ["kubernetes"]
minimum-jaxlib = ["jaxlib (==0.6.2)"]
rocm = ["jax-rocm60-plugin (==0.6.2)", "jaxlib (==0.6.2)"]
tpu = ["jaxlib (==0.6.2)", "libtpu (==0.0.17.*)", "requests"]
xprof = ["xprof"]

[[package]]
name = "jaxlib"
version = "0.6.2"
description = "XLA library for JAX"
optional = false
python-versions = ">=3.10"
groups = ["main"]
files = [
    {file = "jaxlib-0.6.2-cp310-cp310-macosx_11_0_arm64.whl", hash = "sha256:da4601b2b5dc8c23d6afb293eacfb9aec4e1d1871cb2f29c5a151d103e73b0f8"},
    {file = "jaxlib-0.6.2-cp310-cp310-manylinux2014_aarch64.whl", hash = "sha256:4205d098ce8efb5f7fe2fe5098bae6036094dc8d8829f5e0e0d7a9b155326336"},
    {file = "jaxlib-0.6.2-cp310-cp310-manylinux2014_x86_64.whl", hash = "sha256:c087a0eb6fb7f6f8f54d56f4730328dfde5040dd3b5ddfa810e7c28ea7102b42"},
    {file = "jaxlib-0.6.2-cp310-cp310-win_amd64.whl", hash = "sha256:153eaa51f778b60851720729d4f461a91edd9ba3932f6f3bc598d4413870038b"},
    {file = "jaxlib-0.6.2-cp311-cp311-macosx_11_0_arm64.whl", hash = "sha256:a208ff61c58128d306bb4e5ad0858bd2b0960f2c1c10ad42c548f74a60c0020e"},
    {file = "jaxlib-0.6.2-cp311-cp311-manylinux2014_aarch64.whl", hash = "sha256:11eae7e05bc5a79875da36324afb9eddd4baeaef2a0386caf6d4f3720b9aef28"},
    {file = "jaxlib-0.6.2-cp311-cp311-manylinux2014_x86_64.whl", hash = "sha256:335d7e3515ce78b52a410136f46aa4a7ea14d0e7d640f34e1e137409554ad0ac"},
    {file = "jaxlib-0.6.2-cp311-cp311-win_amd64.whl", hash = "sha256:c6815509997d6b05e5c9daa7994b9ad473ce3e8c8a17bdbbcacc3c744f76f7a0"},
    {file = "jaxlib-0.6.2-cp312-cp312-macosx_11_0_arm64.whl", hash = "sha256:34d8a684a8be949dd87dd4acc97101b4106a0dc9ad151ec891da072319a57b99"},
    {file = "jaxlib-0.6.2-cp312-cp312-manylinux2014_aarch64.whl", hash = "sha256:87ec2dc9c3ed9ab936eec8535160c5fbd2c849948559f1c5daa75f63fabe5942"},
    {file = "jaxlib-0.6.2-cp312-cp312-manylinux2014_x86_64.whl", hash = "sha256:f1dd09b481a93c1d4c750013f467f74194493ba7bd29fcd4d1cec16e3a214f65"},
    {file = "jaxlib-0.6.2-cp312-cp312-win_amd64.whl", hash = "sha256:921dbd4db214eba19a29ba9f2450d880e08b2b2c7b968f28cc89da3e62366af4"},
    {file = "jaxlib-0.6.2-cp313-cp313-macosx_11_0_arm64.whl", hash = "sha256:bff67b188133ce1f0111c7b163ac321fd646b59ed221ea489063e2e0f85cb967"},
    {file = "jaxlib-0.6.2-cp313-cp313-manylinux2014_aarch64.whl", hash = "sha256:70498837caf538bd458ff6858c8bfd404db82015aba8f663670197fa9900ff02"},
    {file = "jaxlib-0.6.2-cp313-cp313-manylinux2014_x86_64.whl", hash = "sha256:f94163f14c8fd3ba93ae14b631abacf14cb031bba0b59138869984b4d10375f8"},
    {file = "jaxlib-0.6.2-cp313-cp313-win_amd64.whl", hash = "sha256:b977604cd36c74b174d25ed685017379468138eb747d865f75e466cb273c801d"},
    {file = "jaxlib-0.6.2-cp313-cp313t-manylinux2014_aarch64.whl", hash = "sha256:39cf9555f85ae1ce2e2c1a59fc71f2eca4f9867a7cb934fef881ba56b11371d1"},
    {file = "jaxlib-0.6.2-cp313-cp313t-manylinux2014_x86_64.whl", hash = "sha256:3abd536e44b05fb1657507e3ff1fc3691f99613bae3921ecab9e82f27255f784"},
]

[package.dependencies]
ml_dtypes = ">=0.5.0"
numpy = ">=1.26"
scipy = ">=1.12"

[[package]]
name = "ml-dtypes"
version = "0.5.1"
description = ""
optional = false
python-versions = ">=3.9"
groups = ["main"]
files = [
    {file = "ml_dtypes-0.5.1-cp310-cp310-macosx_10_9_universal2.whl", hash = "sha256:bd73f51957949069573ff783563486339a9285d72e2f36c18e0c1aa9ca7eb190"},
    {file = "ml_dtypes-0.5.1-cp310-cp310-manylinux_2_17_aarch64.manylinux2014_aarch64.whl", hash = "sha256:810512e2eccdfc3b41eefa3a27402371a3411453a1efc7e9c000318196140fed"},
    {file = "ml_dtypes-0.5.1-cp310-cp310-manylinux_2_17_x86_64.manylinux2014_x86_64.whl", hash = "sha256:141b2ea2f20bb10802ddca55d91fe21231ef49715cfc971998e8f2a9838f3dbe"},
    {file = "ml_dtypes-0.5.1-cp310-cp310-win_amd64.whl", hash = "sha256:26ebcc69d7b779c8f129393e99732961b5cc33fcff84090451f448c89b0e01b4"},
    {file = "ml_dtypes-0.5.1-cp311-cp311-macosx_10_9_universal2.whl", hash = "sha256:023ce2f502efd4d6c1e0472cc58ce3640d051d40e71e27386bed33901e201327"},
    {file = "ml_dtypes-0.5.1-cp311-cp311-manylinux_2_17_aarch64.manylinux2014_aarch64.whl", hash = "sha256:7000b6e4d8ef07542c05044ec5d8bbae1df083b3f56822c3da63993a113e716f"},
    {file = "ml_dtypes-0.5.1-cp311-cp311-manylinux_2_17_x86_64.manylinux2014_x86_64.whl", hash = "sha256:c09526488c3a9e8b7a23a388d4974b670a9a3dd40c5c8a61db5593ce9b725bab"},
    {file = "ml_dtypes-0.5.1-cp311-cp311-win_amd64.whl", hash = "sha256:15ad0f3b0323ce96c24637a88a6f44f6713c64032f27277b069f285c3cf66478"},
    {file = "ml_dtypes-0.5.1-cp312-cp312-macosx_10_9_universal2.whl", hash = "sha256:6f462f5eca22fb66d7ff9c4744a3db4463af06c49816c4b6ac89b16bfcdc592e"},
    {file = "ml_dtypes-0.5.1-cp312-cp312-manylinux_2_17_aarch64.manylinux2014_aarch64.whl", hash = "sha256:6f76232163b5b9c34291b54621ee60417601e2e4802a188a0ea7157cd9b323f4"},
    {file = "ml_dtypes-0.5.1-cp312-cp312-manylinux_2_17_x86_64.manylinux2014_x86_64.whl", hash = "sha256:ad4953c5eb9c25a56d11a913c2011d7e580a435ef5145f804d98efa14477d390"},
    {file = "ml_dtypes-0.5.1-cp312-cp312-win_amd64.whl", hash = "sha256:9626d0bca1fb387d5791ca36bacbba298c5ef554747b7ebeafefb4564fc83566"},
    {file = "ml_dtypes-0.5.1-cp313-cp313-macosx_10_13_universal2.whl", hash = "sha256:12651420130ee7cc13059fc56dac6ad300c3af3848b802d475148c9defd27c23"},
    {file = "ml_dtypes-0.5.1-cp313-cp313-manylinux_2_17_aarch64.manylinux2014_aarch64.whl", hash = "sha256:c9945669d3dadf8acb40ec2e57d38c985d8c285ea73af57fc5b09872c516106d"},
    {file = "ml_dtypes-0.5.1-cp313-cp313-manylinux_2_17_x86_64.manylinux2014_x86_64.whl", hash = "sha256:bf9975bda82a99dc935f2ae4c83846d86df8fd6ba179614acac8e686910851da"},
    {file = "ml_dtypes-0.5.1-cp313-cp313-win_amd64.whl", hash = "sha256:fd918d4e6a4e0c110e2e05be7a7814d10dc1b95872accbf6512b80a109b71ae1"},
    {file = "ml_dtypes-0.5.1-cp313-cp313t-macosx_10_13_universal2.whl", hash = "sha256:05f23447a1c20ddf4dc7c2c661aa9ed93fcb2658f1017c204d1e758714dc28a8"},
    {file = "ml_dtypes-0.5.1-cp313-cp313t-manylinux_2_17_aarch64.manylinux2014_aarch64.whl", hash = "sha256:1b7fbe5571fdf28fd3aaab3ef4aafc847de9ebf263be959958c1ca58ec8eadf5"},
    {file = "ml_dtypes-0.5.1-cp313-cp313t-manylinux_2_17_x86_64.manylinux2014_x86_64.whl", hash = "sha256:d13755f8e8445b3870114e5b6240facaa7cb0c3361e54beba3e07fa912a6e12b"},
    {file = "ml_dtypes-0.5.1-cp39-cp39-macosx_10_9_universal2.whl", hash = "sha256:b8a9d46b4df5ae2135a8e8e72b465448ebbc1559997f4f9304a9ecc3413efb5b"},
    {file = "ml_dtypes-0.5.1-cp39-cp39-manylinux_2_17_aarch64.manylinux2014_aarch64.whl", hash = "sha256:afb2009ac98da274e893e03162f6269398b2b00d947e7057ee2469a921d58135"},
    {file = "ml_dtypes-0.5.1-cp39-cp39-manylinux_2_17_x86_64.manylinux2014_x86_64.whl", hash = "sha256:aefedc579ece2f8fb38f876aa7698204ee4c372d0e54f1c1ffa8ca580b54cc60"},
    {file = "ml_dtypes-0.5.1-cp39-cp39-win_amd64.whl", hash = "sha256:8f2c028954f16ede77902b223a8da2d9cbb3892375b85809a5c3cfb1587960c4"},
    {file = "ml_dtypes-0.5.1.tar.gz", hash = "sha256:ac5b58559bb84a95848ed6984eb8013249f90b6bab62aa5acbad876e256002c9"},
]

[package.dependencies]
numpy = [
    {version = ">=2.1.0", markers = "python_version >= \"3.13\""},
    {version = ">=1.26.0", markers = "python_version == \"3.12\""},
]

[package.extras]
dev = ["absl-py", "pyink", "pylint (>=2.6.0)", "pytest", "pytest-xdist"]

[[package]]
name = "numpy"
version = "2.3.1"
description = "Fundamental package for array computing in Python"
optional = false
python-versions = ">=3.11"
groups = ["main"]
files = [
    {file = "numpy-2.3.1-cp311-cp311-macosx_10_9_x86_64.whl", hash = "sha256:6ea9e48336a402551f52cd8f593343699003d2353daa4b72ce8d34f66b722070"},
    {file = "numpy-2.3.1-cp311-cp311-macosx_11_0_arm64.whl", hash = "sha256:5ccb7336eaf0e77c1635b232c141846493a588ec9ea777a7c24d7166bb8533ae"},
    {file = "numpy-2.3.1-cp311-cp311-macosx_14_0_arm64.whl", hash = "sha256:0bb3a4a61e1d327e035275d2a993c96fa786e4913aa089843e6a2d9dd205c66a"},
    {file = "numpy-2.3.1-cp311-cp311-macosx_14_0_x86_64.whl", hash = "sha256:e344eb79dab01f1e838ebb67aab09965fb271d6da6b00adda26328ac27d4a66e"},
    {file = "numpy-2.3.1-cp311-cp311-manylinux_2_28_aarch64.whl", hash = "sha256:467db865b392168ceb1ef1ffa6f5a86e62468c43e0cfb4ab6da667ede10e58db"},
    {file = "numpy-2.3.1-cp311-cp311-manylinux_2_28_x86_64.whl", hash = "sha256:afed2ce4a84f6b0fc6c1ce734ff368cbf5a5e24e8954a338f3bdffa0718adffb"},
    {file = "numpy-2.3.1-cp311-cp311-musllinux_1_2_aarch64.whl", hash = "sha256:0025048b3c1557a20bc80d06fdeb8cc7fc193721484cca82b2cfa072fec71a93"},
    {file = "numpy-2.3.1-cp311-cp311-musllinux_1_2_x86_64.whl", hash = "sha256:a5ee121b60aa509679b682819c602579e1df14a5b07fe95671c8849aad8f2115"},
    {file = "numpy-2.3.1-cp311-cp311-win32.whl", hash = "sha256:a8b740f5579ae4585831b3cf0e3b0425c667274f82a484866d2adf9570539369"},
    {file = "numpy-2.3.1-cp311-cp311-win_amd64.whl", hash = "sha256:d4580adadc53311b163444f877e0789f1c8861e2698f6b2a4ca852fda154f3ff"},
    {file = "numpy-2.3.1-cp311-cp311-win_arm64.whl", hash = "sha256:ec0bdafa906f95adc9a0c6f26a4871fa753f25caaa0e032578a30457bff0af6a"},
    {file = "numpy-2.3.1-cp312-cp312-macosx_10_13_x86_64.whl", hash = "sha256:2959d8f268f3d8ee402b04a9ec4bb7604555aeacf78b360dc4ec27f1d508177d"},
    {file = "numpy-2.3.1-cp312-cp312-macosx_11_0_arm64.whl", hash = "sha256:762e0c0c6b56bdedfef9a8e1d4538556438288c4276901ea008ae44091954e29"},
    {file = "numpy-2.3.1-cp312-cp312-macosx_14_0_arm64.whl", hash = "sha256:867ef172a0976aaa1f1d1b63cf2090de8b636a7674607d514505fb7276ab08fc"},
    {file = "numpy-2.3.1-cp312-cp312-macosx_14_0_x86_64.whl", hash = "sha256:4e602e1b8682c2b833af89ba641ad4176053aaa50f5cacda1a27004352dde943"},
    {file = "numpy-2.3.1-cp312-cp312-manylinux_2_28_aarch64.whl", hash = "sha256:8e333040d069eba1652fb08962ec5b76af7f2c7bce1df7e1418c8055cf776f25"},
    {file = "numpy-2.3.1-cp312-cp312-manylinux_2_28_x86_64.whl", hash = "sha256:e7cbf5a5eafd8d230a3ce356d892512185230e4781a361229bd902ff403bc660"},
    {file = "numpy-2.3.1-cp312-cp312-musllinux_1_2_aarch64.whl", hash = "sha256:5f1b8f26d1086835f442286c1d9b64bb3974b0b1e41bb105358fd07d20872952"},
    {file = "numpy-2.3.1-cp312-cp312-musllinux_1_2_x86_64.whl", hash = "sha256:ee8340cb48c9b7a5899d1149eece41ca535513a9698098edbade2a8e7a84da77"},
    {file = "numpy-2.3.1-cp312-cp312-win32.whl", hash = "sha256:e772dda20a6002ef7061713dc1e2585bc1b534e7909b2030b5a46dae8ff077ab"},
    {file = "numpy-2.3.1-cp312-cp312-win_amd64.whl", hash = "sha256:cfecc7822543abdea6de08758091da655ea2210b8ffa1faf116b940693d3df76"},
    {file = "numpy-2.3.1-cp312-cp312-win_arm64.whl", hash = "sha256:7be91b2239af2658653c5bb6f1b8bccafaf08226a258caf78ce44710a0160d30"},
    {file = "numpy-2.3.1-cp313-cp313-macosx_10_13_x86_64.whl", hash = "sha256:25a1992b0a3fdcdaec9f552ef10d8103186f5397ab45e2d25f8ac51b1a6b97e8"},
    {file = "numpy-2.3.1-cp313-cp313-macosx_11_0_arm64.whl", hash = "sha256:7dea630156d39b02a63c18f508f85010230409db5b2927ba59c8ba4ab3e8272e"},
    {file = "numpy-2.3.1-cp313-cp313-macosx_14_0_arm64.whl", hash = "sha256:bada6058dd886061f10ea15f230ccf7dfff40572e99fef440a4a857c8728c9c0"},
    {file = "numpy-2.3.1-cp313-cp313-macosx_14_0_x86_64.whl", hash = "sha256:a894f3816eb17b29e4783e5873f92faf55b710c2519e5c351767c51f79d8526d"},
    {file = "numpy-2.3.1-cp313-cp313-manylinux_2_28_aarch64.whl", hash = "sha256:18703df6c4a4fee55fd3d6e5a253d01c5d33a295409b03fda0c86b3ca2ff41a1"},
    {file = "numpy-2.3.1-cp313-cp313-manylinux_2_28_x86_64.whl", hash = "sha256:5902660491bd7a48b2ec16c23ccb9124b8abfd9583c5fdfa123fe6b421e03de1"},
    {file = "numpy-2.3.1-cp313-cp313-musllinux_1_2_aarch64.whl", hash = "sha256:36890eb9e9d2081137bd78d29050ba63b8dab95dff7912eadf1185e80074b2a0"},
    {file = "numpy-2.3.1-cp313-cp313-musllinux_1_2_x86_64.whl", hash = "sha256:a780033466159c2270531e2b8ac063704592a0bc62ec4a1b991c7c40705eb0e8"},
    {file = "numpy-2.3.1-cp313-cp313-win32.whl", hash = "sha256:39bff12c076812595c3a306f22bfe49919c5513aa1e0e70fac756a0be7c2a2b8"},
    {file = "numpy-2.3.1-cp313-cp313-win_amd64.whl", hash = "sha256:8d5ee6eec45f08ce507a6570e06f2f879b374a552087a4179ea7838edbcbfa42"},
    {file = "numpy-2.3.1-cp313-cp313-win_arm64.whl", hash = "sha256:0c4d9e0a8368db90f93bd192bfa771ace63137c3488d198ee21dfb8e7771916e"},
    {file = "numpy-2.3.1-cp313-cp313t-macosx_10_13_x86_64.whl", hash = "sha256:b0b5397374f32ec0649dd98c652a1798192042e715df918c20672c62fb52d4b8"},
    {file = "numpy-2.3.1-cp313-cp313t-macosx_11_0_arm64.whl", hash = "sha256:c5bdf2015ccfcee8253fb8be695516ac4457c743473a43290fd36eba6a1777eb"},
    {file = "numpy-2.3.1-cp313-cp313t-macosx_14_0_arm64.whl", hash = "sha256:d70f20df7f08b90a2062c1f07737dd340adccf2068d0f1b9b3d56e2038979fee"},
    {file = "numpy-2.3.1-cp313-cp313t-macosx_14_0_x86_64.whl", hash = "sha256:2fb86b7e58f9ac50e1e9dd1290154107e47d1eef23a0ae9145ded06ea606f992"},
    {file = "numpy-2.3.1-cp313-cp313t-manylinux_2_28_aarch64.whl", hash = "sha256:23ab05b2d241f76cb883ce8b9a93a680752fbfcbd51c50eff0b88b979e471d8c"},
    {file = "numpy-2.3.1-cp313-cp313t-manylinux_2_28_x86_64.whl", hash = "sha256:ce2ce9e5de4703a673e705183f64fd5da5bf36e7beddcb63a25ee2286e71ca48"},
    {file = "numpy-2.3.1-cp313-cp313t-musllinux_1_2_aarch64.whl", hash = "sha256:c4913079974eeb5c16ccfd2b1f09354b8fed7e0d6f2cab933104a09a6419b1ee"},
    {file = "numpy-2.3.1-cp313-cp313t-musllinux_1_2_x86_64.whl", hash = "sha256:010ce9b4f00d5c036053ca684c77441f2f2c934fd23bee058b4d6f196efd8280"},
    {file = "numpy-2.3.1-cp313-cp313t-win32.whl", hash = "sha256:6269b9edfe32912584ec496d91b00b6d34282ca1d07eb10e82dfc780907d6c2e"},
    {file = "numpy-2.3.1-cp313-cp313t-win_amd64.whl", hash = "sha256:2a809637460e88a113e186e87f228d74ae2852a2e0c44de275263376f17b5bdc"},
    {file = "numpy-2.3.1-cp313-cp313t-win_arm64.whl", hash = "sha256:eccb9a159db9aed60800187bc47a6d3451553f0e1b08b068d8b277ddfbb9b244"},
    {file = "numpy-2.3.1-pp311-pypy311_pp73-macosx_10_15_x86_64.whl", hash = "sha256:ad506d4b09e684394c42c966ec1527f6ebc25da7f4da4b1b056606ffe446b8a3"},
    {file = "numpy-2.3.1-pp311-pypy311_pp73-macosx_14_0_arm64.whl", hash = "sha256:ebb8603d45bc86bbd5edb0d63e52c5fd9e7945d3a503b77e486bd88dde67a19b"},
    {file = "numpy-2.3.1-pp311-pypy311_pp73-macosx_14_0_x86_64.whl", hash = "sha256:15aa4c392ac396e2ad3d0a2680c0f0dee420f9fed14eef09bdb9450ee6dcb7b7"},
    {file = "numpy-2.3.1-pp311-pypy311_pp73-manylinux_2_28_aarch64.whl", hash = "sha256:c6e0bf9d1a2f50d2b65a7cf56db37c095af17b59f6c132396f7c6d5dd76484df"},
    {file = "numpy-2.3.1-pp311-pypy311_pp73-manylinux_2_28_x86_64.whl", hash = "sha256:eabd7e8740d494ce2b4ea0ff05afa1b7b291e978c0ae075487c51e8bd93c0c68"},
    {file = "numpy-2.3.1-pp311-pypy311_pp73-win_amd64.whl", hash = "sha256:e610832418a2bc09d974cc9fecebfa51e9532d6190223bc5ef6a7402ebf3b5cb"},
    {file = "numpy-2.3.1.tar.gz", hash = "sha256:1ec9ae20a4226da374362cca3c62cd753faf2f951440b0e3b98e93c235441d2b"},
]

[[package]]
name = "opt-einsum"
version = "3.4.0"
description = "Path optimization of einsum functions."
optional = false
python-versions = ">=3.8"
groups = ["main"]
files = [
    {file = "opt_einsum-3.4.0-py3-none-any.whl", hash = "sha256:69bb92469f86a1565195ece4ac0323943e83477171b91d24c35afe028a90d7cd"},
    {file = "opt_einsum-3.4.0.tar.gz", hash = "sha256:96ca72f1b886d148241348783498194c577fa30a8faac108586b14f1ba4473ac"},
]

[[package]]
name = "scipy"
version = "1.16.0"
description = "Fundamental algorithms for scientific computing in Python"
optional = false
python-versions = ">=3.11"
groups = ["main"]
files = [
    {file = "scipy-1.16.0-cp311-cp311-macosx_10_14_x86_64.whl", hash = "sha256:deec06d831b8f6b5fb0b652433be6a09db29e996368ce5911faf673e78d20085"},
    {file = "scipy-1.16.0-cp311-cp311-macosx_12_0_arm64.whl", hash = "sha256:d30c0fe579bb901c61ab4bb7f3eeb7281f0d4c4a7b52dbf563c89da4fd2949be"},
    {file = "scipy-1.16.0-cp311-cp311-macosx_14_0_arm64.whl", hash = "sha256:b2243561b45257f7391d0f49972fca90d46b79b8dbcb9b2cb0f9df928d370ad4"},
    {file = "scipy-1.16.0-cp311-cp311-macosx_14_0_x86_64.whl", hash = "sha256:e6d7dfc148135e9712d87c5f7e4f2ddc1304d1582cb3a7d698bbadedb61c7afd"},
    {file = "scipy-1.16.0-cp311-cp311-manylinux2014_aarch64.manylinux_2_17_aarch64.whl", hash = "sha256:90452f6a9f3fe5a2cf3748e7be14f9cc7d9b124dce19667b54f5b429d680d539"},
    {file = "scipy-1.16.0-cp311-cp311-manylinux2014_x86_64.manylinux_2_17_x86_64.whl", hash = "sha256:a2f0bf2f58031c8701a8b601df41701d2a7be17c7ffac0a4816aeba89c4cdac8"},
    {file = "scipy-1.16.0-cp311-cp311-musllinux_1_2_aarch64.whl", hash = "sha256:6c4abb4c11fc0b857474241b812ce69ffa6464b4bd8f4ecb786cf240367a36a7"},
    {file = "scipy-1.16.0-cp311-cp311-musllinux_1_2_x86_64.whl", hash = "sha256:b370f8f6ac6ef99815b0d5c9f02e7ade77b33007d74802efc8316c8db98fd11e"},
    {file = "scipy-1.16.0-cp311-cp311-win_amd64.whl", hash = "sha256:a16ba90847249bedce8aa404a83fb8334b825ec4a8e742ce6012a7a5e639f95c"},
    {file = "scipy-1.16.0-cp312-cp312-macosx_10_14_x86_64.whl", hash = "sha256:7eb6bd33cef4afb9fa5f1fb25df8feeb1e52d94f21a44f1d17805b41b1da3180"},
    {file = "scipy-1.16.0-cp312-cp312-macosx_12_0_arm64.whl", hash = "sha256:1dbc8fdba23e4d80394ddfab7a56808e3e6489176d559c6c71935b11a2d59db1"},
    {file = "scipy-1.16.0-cp312-cp312-macosx_14_0_arm64.whl", hash = "sha256:7dcf42c380e1e3737b343dec21095c9a9ad3f9cbe06f9c05830b44b1786c9e90"},
    {file = "scipy-1.16.0-cp312-cp312-macosx_14_0_x86_64.whl", hash = "sha256:26ec28675f4a9d41587266084c626b02899db373717d9312fa96ab17ca1ae94d"},
    {file = "scipy-1.16.0-cp312-cp312-manylinux2014_aarch64.manylinux_2_17_aarch64.whl", hash = "sha256:952358b7e58bd3197cfbd2f2f2ba829f258404bdf5db59514b515a8fe7a36c52"},
    {file = "scipy-1.16.0-cp312-cp312-manylinux2014_x86_64.manylinux_2_17_x86_64.whl", hash = "sha256:03931b4e870c6fef5b5c0970d52c9f6ddd8c8d3e934a98f09308377eba6f3824"},
    {file = "scipy-1.16.0-cp312-cp312-musllinux_1_2_aarch64.whl", hash = "sha256:512c4f4f85912767c351a0306824ccca6fd91307a9f4318efe8fdbd9d30562ef"},
    {file = "scipy-1.16.0-cp312-cp312-musllinux_1_2_x86_64.whl", hash = "sha256:e69f798847e9add03d512eaf5081a9a5c9a98757d12e52e6186ed9681247a1ac"},
    {file = "scipy-1.16.0-cp312-cp312-win_amd64.whl", hash = "sha256:adf9b1999323ba335adc5d1dc7add4781cb5a4b0ef1e98b79768c05c796c4e49"},
    {file = "scipy-1.16.0-cp313-cp313-macosx_10_14_x86_64.whl", hash = "sha256:e9f414cbe9ca289a73e0cc92e33a6a791469b6619c240aa32ee18abdce8ab451"},
    {file = "scipy-1.16.0-cp313-cp313-macosx_12_0_arm64.whl", hash = "sha256:bbba55fb97ba3cdef9b1ee973f06b09d518c0c7c66a009c729c7d1592be1935e"},
    {file = "scipy-1.16.0-cp313-cp313-macosx_14_0_arm64.whl", hash = "sha256:58e0d4354eacb6004e7aa1cd350e5514bd0270acaa8d5b36c0627bb3bb486974"},
    {file = "scipy-1.16.0-cp313-cp313-macosx_14_0_x86_64.whl", hash = "sha256:75b2094ec975c80efc273567436e16bb794660509c12c6a31eb5c195cbf4b6dc"},
    {file = "scipy-1.16.0-cp313-cp313-manylinux2014_aarch64.manylinux_2_17_aarch64.whl", hash = "sha256:6b65d232157a380fdd11a560e7e21cde34fdb69d65c09cb87f6cc024ee376351"},
    {file = "scipy-1.16.0-cp313-cp313-manylinux2014_x86_64.manylinux_2_17_x86_64.whl", hash = "sha256:1d8747f7736accd39289943f7fe53a8333be7f15a82eea08e4afe47d79568c32"},
    {file = "scipy-1.16.0-cp313-cp313-musllinux_1_2_aarch64.whl", hash = "sha256:eb9f147a1b8529bb7fec2a85cf4cf42bdfadf9e83535c309a11fdae598c88e8b"},
    {file = "scipy-1.16.0-cp313-cp313-musllinux_1_2_x86_64.whl", hash = "sha256:d2b83c37edbfa837a8923d19c749c1935ad3d41cf196006a24ed44dba2ec4358"},
    {file = "scipy-1.16.0-cp313-cp313-win_amd64.whl", hash = "sha256:79a3c13d43c95aa80b87328a46031cf52508cf5f4df2767602c984ed1d3c6bbe"},
    {file = "scipy-1.16.0-cp313-cp313t-macosx_10_14_x86_64.whl", hash = "sha256:f91b87e1689f0370690e8470916fe1b2308e5b2061317ff76977c8f836452a47"},
    {file = "scipy-1.16.0-cp313-cp313t-macosx_12_0_arm64.whl", hash = "sha256:88a6ca658fb94640079e7a50b2ad3b67e33ef0f40e70bdb7dc22017dae73ac08"},
    {file = "scipy-1.16.0-cp313-cp313t-macosx_14_0_arm64.whl", hash = "sha256:ae902626972f1bd7e4e86f58fd72322d7f4ec7b0cfc17b15d4b7006efc385176"},
    {file = "scipy-1.16.0-cp313-cp313t-macosx_14_0_x86_64.whl", hash = "sha256:8cb824c1fc75ef29893bc32b3ddd7b11cf9ab13c1127fe26413a05953b8c32ed"},
    {file = "scipy-1.16.0-cp313-cp313t-manylinux2014_aarch64.manylinux_2_17_aarch64.whl", hash = "sha256:de2db7250ff6514366a9709c2cba35cb6d08498e961cba20d7cff98a7ee88938"},
    {file = "scipy-1.16.0-cp313-cp313t-manylinux2014_x86_64.manylinux_2_17_x86_64.whl", hash = "sha256:e85800274edf4db8dd2e4e93034f92d1b05c9421220e7ded9988b16976f849c1"},
    {file = "scipy-1.16.0-cp313-cp313t-musllinux_1_2_aarch64.whl", hash = "sha256:4f720300a3024c237ace1cb11f9a84c38beb19616ba7c4cdcd771047a10a1706"},
    {file = "scipy-1.16.0-cp313-cp313t-musllinux_1_2_x86_64.whl", hash = "sha256:aad603e9339ddb676409b104c48a027e9916ce0d2838830691f39552b38a352e"},
    {file = "scipy-1.16.0-cp313-cp313t-win_amd64.whl", hash = "sha256:f56296fefca67ba605fd74d12f7bd23636267731a72cb3947963e76b8c0a25db"},
    {file = "scipy-1.16.0.tar.gz", hash = "sha256:b5ef54021e832869c8cfb03bc3bf20366cbcd426e02a58e8a58d7584dfbb8f62"},
]

[package.dependencies]
numpy = ">=1.25.2,<2.6"

[package.extras]
dev = ["cython-lint (>=0.12.2)", "doit (>=0.36.0)", "mypy (==1.10.0)", "pycodestyle", "pydevtool", "rich-click", "ruff (>=0.0.292)", "types-psutil", "typing_extensions"]
doc = ["intersphinx_registry", "jupyterlite-pyodide-kernel", "jupyterlite-sphinx (>=0.19.1)", "jupytext", "linkify-it-py", "matplotlib (>=3.5)", "myst-nb (>=1.2.0)", "numpydoc", "pooch", "pydata-sphinx-theme (>=0.15.2)", "sphinx (>=5.0.0,<8.2.0)", "sphinx-copybutton", "sphinx-design (>=0.4.0)"]
test = ["Cython", "array-api-strict (>=2.3.1)", "asv", "gmpy2", "hypothesis (>=6.30)", "meson", "mpmath", "ninja ; sys_platform != \"emscripten\"", "pooch", "pytest", "pytest-cov", "pytest-timeout", "pytest-xdist", "scikit-umfpack", "threadpoolctl"]

[metadata]
lock-version = "2.1"
python-versions = "^3.12"
content-hash = "ce0df13d96ee7b0227fe62cfa9c2e1af72c60b29f760f1515a4128f558dfe99b"
